
Microsoft Visual Studio Solution File, Format Version 12.00
# Visual Studio 15
VisualStudioVersion = 15.0.27703.2042
MinimumVisualStudioVersion = 10.0.40219.1
Project("{FAE04EC0-301F-11D3-BF4B-00C04F79EFBC}") = "CursoCSharp2020", "CursoCSharp2020\CursoCSharp2020.csproj", "{4CC97861-7CD5-4BF5-835B-AF30A3268CAE}"
EndProject
Project("{FAE04EC0-301F-11D3-BF4B-00C04F79EFBC}") = "Aula03", "Aula03\Aula03.csproj", "{1C606314-6407-404E-A400-E1D8EAF02DC9}"
EndProject
Project("{FAE04EC0-301F-11D3-BF4B-00C04F79EFBC}") = "Aula04", "Aula04\Aula04.csproj", "{265AD436-161A-4F0C-811C-3F430C327BF1}"
EndProject
Project("{FAE04EC0-301F-11D3-BF4B-00C04F79EFBC}") = "Aula05", "Aula5\Aula05.csproj", "{68A8278F-47FA-4035-8A3F-F7B7D37A2232}"
EndProject
Global
	GlobalSection(SolutionConfigurationPlatforms) = preSolution
		Debug|Any CPU = Debug|Any CPU
		Release|Any CPU = Release|Any CPU
	EndGlobalSection
	GlobalSection(ProjectConfigurationPlatforms) = postSolution
		{4CC97861-7CD5-4BF5-835B-AF30A3268CAE}.Debug|Any CPU.ActiveCfg = Debug|Any CPU
		{4CC97861-7CD5-4BF5-835B-AF30A3268CAE}.Debug|Any CPU.Build.0 = Debug|Any CPU
		{4CC97861-7CD5-4BF5-835B-AF30A3268CAE}.Release|Any CPU.ActiveCfg = Release|Any CPU
		{4CC97861-7CD5-4BF5-835B-AF30A3268CAE}.Release|Any CPU.Build.0 = Release|Any CPU
		{1C606314-6407-404E-A400-E1D8EAF02DC9}.Debug|Any CPU.ActiveCfg = Debug|Any CPU
		{1C606314-6407-404E-A400-E1D8EAF02DC9}.Debug|Any CPU.Build.0 = Debug|Any CPU
		{1C606314-6407-404E-A400-E1D8EAF02DC9}.Release|Any CPU.ActiveCfg = Release|Any CPU
		{1C606314-6407-404E-A400-E1D8EAF02DC9}.Release|Any CPU.Build.0 = Release|Any CPU
		{265AD436-161A-4F0C-811C-3F430C327BF1}.Debug|Any CPU.ActiveCfg = Debug|Any CPU
		{265AD436-161A-4F0C-811C-3F430C327BF1}.Debug|Any CPU.Build.0 = Debug|Any CPU
		{265AD436-161A-4F0C-811C-3F430C327BF1}.Release|Any CPU.ActiveCfg = Release|Any CPU
		{265AD436-161A-4F0C-811C-3F430C327BF1}.Release|Any CPU.Build.0 = Release|Any CPU
		{68A8278F-47FA-4035-8A3F-F7B7D37A2232}.Debug|Any CPU.ActiveCfg = Debug|Any CPU
		{68A8278F-47FA-4035-8A3F-F7B7D37A2232}.Debug|Any CPU.Build.0 = Debug|Any CPU
		{68A8278F-47FA-4035-8A3F-F7B7D37A2232}.Release|Any CPU.ActiveCfg = Release|Any CPU
		{68A8278F-47FA-4035-8A3F-F7B7D37A2232}.Release|Any CPU.Build.0 = Release|Any CPU
	EndGlobalSection
	GlobalSection(SolutionProperties) = preSolution
		HideSolutionNode = FALSE
	EndGlobalSection
	GlobalSection(ExtensibilityGlobals) = postSolution
		SolutionGuid = {D27842FC-12B5-4EF1-B57B-61CDBAE02628}
	EndGlobalSection
EndGlobal
