
Microsoft Visual Studio Solution File, Format Version 12.00
# Visual Studio Version 16
VisualStudioVersion = 16.0.29806.167
MinimumVisualStudioVersion = 10.0.40219.1
Project("{FAE04EC0-301F-11D3-BF4B-00C04F79EFBC}") = "aula04", "aula04\aula04.csproj", "{C27F0474-3EB6-4D09-A9B0-B4B2D7434C6A}"
EndProject
Global
	GlobalSection(SolutionConfigurationPlatforms) = preSolution
		Debug|Any CPU = Debug|Any CPU
		Release|Any CPU = Release|Any CPU
	EndGlobalSection
	GlobalSection(ProjectConfigurationPlatforms) = postSolution
		{C27F0474-3EB6-4D09-A9B0-B4B2D7434C6A}.Debug|Any CPU.ActiveCfg = Debug|Any CPU
		{C27F0474-3EB6-4D09-A9B0-B4B2D7434C6A}.Debug|Any CPU.Build.0 = Debug|Any CPU
		{C27F0474-3EB6-4D09-A9B0-B4B2D7434C6A}.Release|Any CPU.ActiveCfg = Release|Any CPU
		{C27F0474-3EB6-4D09-A9B0-B4B2D7434C6A}.Release|Any CPU.Build.0 = Release|Any CPU
	EndGlobalSection
	GlobalSection(SolutionProperties) = preSolution
		HideSolutionNode = FALSE
	EndGlobalSection
	GlobalSection(ExtensibilityGlobals) = postSolution
		SolutionGuid = {F3BEC289-E5D5-4B46-B265-3777C26E3B11}
	EndGlobalSection
EndGlobal
